{
  "name": "playwright-e2e-regression-suite",
  "version": "1.0.0",
  "lockfileVersion": 3,
  "requires": true,
  "packages": {
    "": {
      "name": "playwright-e2e-regression-suite",
      "version": "1.0.0",
      "devDependencies": {
        "@playwright/test": "^1.40.0",
        "typescript": "^5.0.0"
      }
    }
  }
}
